
Microsoft Visual Studio Solution File, Format Version 12.00
# Visual Studio Version 16
VisualStudioVersion = 16.0.31624.102
MinimumVisualStudioVersion = 10.0.40219.1
Project("{FAE04EC0-301F-11D3-BF4B-00C04F79EFBC}") = "OvejaNegra", "OvejaNegra\OvejaNegra.csproj", "{5AA5D93A-8ED8-433B-A3F0-7BDD63DFC3CF}"
EndProject
Global
	GlobalSection(SolutionConfigurationPlatforms) = preSolution
		Debug|Any CPU = Debug|Any CPU
		Release|Any CPU = Release|Any CPU
	EndGlobalSection
	GlobalSection(ProjectConfigurationPlatforms) = postSolution
		{5AA5D93A-8ED8-433B-A3F0-7BDD63DFC3CF}.Debug|Any CPU.ActiveCfg = Debug|Any CPU
		{5AA5D93A-8ED8-433B-A3F0-7BDD63DFC3CF}.Debug|Any CPU.Build.0 = Debug|Any CPU
		{5AA5D93A-8ED8-433B-A3F0-7BDD63DFC3CF}.Release|Any CPU.ActiveCfg = Release|Any CPU
		{5AA5D93A-8ED8-433B-A3F0-7BDD63DFC3CF}.Release|Any CPU.Build.0 = Release|Any CPU
	EndGlobalSection
	GlobalSection(SolutionProperties) = preSolution
		HideSolutionNode = FALSE
	EndGlobalSection
	GlobalSection(ExtensibilityGlobals) = postSolution
		SolutionGuid = {16F509F1-385B-4509-AE80-0EDABCEE18C3}
	EndGlobalSection
EndGlobal
